{
  "requires": true,
  "lockfileVersion": 1,
  "dependencies": {
    "eins-modal": {
      "version": "2.2.2",
      "resolved": "https://registry.npmjs.org/eins-modal/-/eins-modal-2.2.2.tgz",
      "integrity": "sha512-UzVtnESK5CTIWLDko3HuNc45tXiY0kX74NjGDzysXJ7znp2ZdWfonkrMDXSxhobSzBQL1bxVydW1WjNbbNo1lw==",
      "requires": {
        "scroll-lock": "^2.1.5",
        "velocity-animate": "^1.5.2"
      }
    },
    "scroll-lock": {
      "version": "2.1.5",
      "resolved": "https://registry.npmjs.org/scroll-lock/-/scroll-lock-2.1.5.tgz",
      "integrity": "sha512-GN8Lp0AzXbkrPFUUNkMUruiiv019UvarNKE/SnXi+AxZRjMnDc2R22VB9RcUtL4P/uub04cKibmpHKIKTyWwYQ=="
    },
    "velocity-animate": {
      "version": "1.5.2",
      "resolved": "https://registry.npmjs.org/velocity-animate/-/velocity-animate-1.5.2.tgz",
      "integrity": "sha512-m6EXlCAMetKztO1ppBhGU1/1MR3IiEevO6ESq6rcrSQ3Q77xYSW13jkfXW88o4xMrkXJhy/U7j4wFR/twMB0Eg=="
    }
  }
}
